
Microsoft Visual Studio Solution File, Format Version 12.00
# Visual Studio Version 16
VisualStudioVersion = 16.0.31320.298
MinimumVisualStudioVersion = 10.0.40219.1
Project("{9A19103F-16F7-4668-BE54-9A1E7A4F7556}") = "FeshShop.Common", "src\FeshShop.Common\FeshShop.Common.csproj", "{0521305B-B491-4A51-A358-D7AA27D0C8E7}"
EndProject
Project("{FAE04EC0-301F-11D3-BF4B-00C04F79EFBC}") = "FeshShop.Common.Types", "src\FeshShop.Common.Types\FeshShop.Common.Types.csproj", "{50BA2833-5836-4C4A-923C-CD25109060B9}"
EndProject
Project("{FAE04EC0-301F-11D3-BF4B-00C04F79EFBC}") = "FeshShop.Common.Guard", "src\FeshShop.Common.Guard\FeshShop.Common.Guard.csproj", "{73C61613-56C9-46B7-B121-FC0B643D57EB}"
EndProject
Project("{FAE04EC0-301F-11D3-BF4B-00C04F79EFBC}") = "FeshShop.Common.Mongo", "src\FeshShop.Common.Mongo\FeshShop.Common.Mongo.csproj", "{74BC9ED5-8900-4B95-B2CB-76164AC1F6CB}"
EndProject
Project("{FAE04EC0-301F-11D3-BF4B-00C04F79EFBC}") = "FeshShop.Common.HealthChecks", "src\FeshShop.Common.HealthChecks\FeshShop.Common.HealthChecks.csproj", "{59EDDA57-CAD6-4F4F-AA59-739C5EB0AC0A}"
EndProject
Project("{FAE04EC0-301F-11D3-BF4B-00C04F79EFBC}") = "FeshShop.Common.Logging", "src\FeshShop.Common.Logging\FeshShop.Common.Logging.csproj", "{1DD4550A-E26E-42AB-8155-DA7E138F24AF}"
EndProject
Project("{FAE04EC0-301F-11D3-BF4B-00C04F79EFBC}") = "FeshShop.Common.Mediator", "src\FeshShop.Common.Mediator\FeshShop.Common.Mediator.csproj", "{37FF28A6-4321-4FB8-8FA9-E7250F61E574}"
EndProject
Project("{FAE04EC0-301F-11D3-BF4B-00C04F79EFBC}") = "FeshShop.Common.Mvc", "src\FeshShop.Common.Mvc\FeshShop.Common.Mvc.csproj", "{1D73A588-A7E9-47A9-9322-302F57CAA5DD}"
EndProject
Project("{FAE04EC0-301F-11D3-BF4B-00C04F79EFBC}") = "FeshShop.Common.Authentication", "src\FeshShop.Common.Authentication\FeshShop.Common.Authentication.csproj", "{841F2996-304E-4F05-A44C-043AC46ACC9D}"
EndProject
Project("{FAE04EC0-301F-11D3-BF4B-00C04F79EFBC}") = "FeshShop.Common.Swagger", "src\FeshShop.Common.Swagger\FeshShop.Common.Swagger.csproj", "{5FCBDF38-C17E-4AA1-B4B8-1BE69C0685E4}"
EndProject
Global
	GlobalSection(SolutionConfigurationPlatforms) = preSolution
		Debug|Any CPU = Debug|Any CPU
		Release|Any CPU = Release|Any CPU
	EndGlobalSection
	GlobalSection(ProjectConfigurationPlatforms) = postSolution
		{0521305B-B491-4A51-A358-D7AA27D0C8E7}.Debug|Any CPU.ActiveCfg = Debug|Any CPU
		{0521305B-B491-4A51-A358-D7AA27D0C8E7}.Debug|Any CPU.Build.0 = Debug|Any CPU
		{0521305B-B491-4A51-A358-D7AA27D0C8E7}.Release|Any CPU.ActiveCfg = Release|Any CPU
		{0521305B-B491-4A51-A358-D7AA27D0C8E7}.Release|Any CPU.Build.0 = Release|Any CPU
		{50BA2833-5836-4C4A-923C-CD25109060B9}.Debug|Any CPU.ActiveCfg = Debug|Any CPU
		{50BA2833-5836-4C4A-923C-CD25109060B9}.Debug|Any CPU.Build.0 = Debug|Any CPU
		{50BA2833-5836-4C4A-923C-CD25109060B9}.Release|Any CPU.ActiveCfg = Release|Any CPU
		{50BA2833-5836-4C4A-923C-CD25109060B9}.Release|Any CPU.Build.0 = Release|Any CPU
		{73C61613-56C9-46B7-B121-FC0B643D57EB}.Debug|Any CPU.ActiveCfg = Debug|Any CPU
		{73C61613-56C9-46B7-B121-FC0B643D57EB}.Debug|Any CPU.Build.0 = Debug|Any CPU
		{73C61613-56C9-46B7-B121-FC0B643D57EB}.Release|Any CPU.ActiveCfg = Release|Any CPU
		{73C61613-56C9-46B7-B121-FC0B643D57EB}.Release|Any CPU.Build.0 = Release|Any CPU
		{74BC9ED5-8900-4B95-B2CB-76164AC1F6CB}.Debug|Any CPU.ActiveCfg = Debug|Any CPU
		{74BC9ED5-8900-4B95-B2CB-76164AC1F6CB}.Debug|Any CPU.Build.0 = Debug|Any CPU
		{74BC9ED5-8900-4B95-B2CB-76164AC1F6CB}.Release|Any CPU.ActiveCfg = Release|Any CPU
		{74BC9ED5-8900-4B95-B2CB-76164AC1F6CB}.Release|Any CPU.Build.0 = Release|Any CPU
		{59EDDA57-CAD6-4F4F-AA59-739C5EB0AC0A}.Debug|Any CPU.ActiveCfg = Debug|Any CPU
		{59EDDA57-CAD6-4F4F-AA59-739C5EB0AC0A}.Debug|Any CPU.Build.0 = Debug|Any CPU
		{59EDDA57-CAD6-4F4F-AA59-739C5EB0AC0A}.Release|Any CPU.ActiveCfg = Release|Any CPU
		{59EDDA57-CAD6-4F4F-AA59-739C5EB0AC0A}.Release|Any CPU.Build.0 = Release|Any CPU
		{1DD4550A-E26E-42AB-8155-DA7E138F24AF}.Debug|Any CPU.ActiveCfg = Debug|Any CPU
		{1DD4550A-E26E-42AB-8155-DA7E138F24AF}.Debug|Any CPU.Build.0 = Debug|Any CPU
		{1DD4550A-E26E-42AB-8155-DA7E138F24AF}.Release|Any CPU.ActiveCfg = Release|Any CPU
		{1DD4550A-E26E-42AB-8155-DA7E138F24AF}.Release|Any CPU.Build.0 = Release|Any CPU
		{37FF28A6-4321-4FB8-8FA9-E7250F61E574}.Debug|Any CPU.ActiveCfg = Debug|Any CPU
		{37FF28A6-4321-4FB8-8FA9-E7250F61E574}.Debug|Any CPU.Build.0 = Debug|Any CPU
		{37FF28A6-4321-4FB8-8FA9-E7250F61E574}.Release|Any CPU.ActiveCfg = Release|Any CPU
		{37FF28A6-4321-4FB8-8FA9-E7250F61E574}.Release|Any CPU.Build.0 = Release|Any CPU
		{1D73A588-A7E9-47A9-9322-302F57CAA5DD}.Debug|Any CPU.ActiveCfg = Debug|Any CPU
		{1D73A588-A7E9-47A9-9322-302F57CAA5DD}.Debug|Any CPU.Build.0 = Debug|Any CPU
		{1D73A588-A7E9-47A9-9322-302F57CAA5DD}.Release|Any CPU.ActiveCfg = Release|Any CPU
		{1D73A588-A7E9-47A9-9322-302F57CAA5DD}.Release|Any CPU.Build.0 = Release|Any CPU
		{841F2996-304E-4F05-A44C-043AC46ACC9D}.Debug|Any CPU.ActiveCfg = Debug|Any CPU
		{841F2996-304E-4F05-A44C-043AC46ACC9D}.Debug|Any CPU.Build.0 = Debug|Any CPU
		{841F2996-304E-4F05-A44C-043AC46ACC9D}.Release|Any CPU.ActiveCfg = Release|Any CPU
		{841F2996-304E-4F05-A44C-043AC46ACC9D}.Release|Any CPU.Build.0 = Release|Any CPU
		{5FCBDF38-C17E-4AA1-B4B8-1BE69C0685E4}.Debug|Any CPU.ActiveCfg = Debug|Any CPU
		{5FCBDF38-C17E-4AA1-B4B8-1BE69C0685E4}.Debug|Any CPU.Build.0 = Debug|Any CPU
		{5FCBDF38-C17E-4AA1-B4B8-1BE69C0685E4}.Release|Any CPU.ActiveCfg = Release|Any CPU
		{5FCBDF38-C17E-4AA1-B4B8-1BE69C0685E4}.Release|Any CPU.Build.0 = Release|Any CPU
	EndGlobalSection
	GlobalSection(SolutionProperties) = preSolution
		HideSolutionNode = FALSE
	EndGlobalSection
	GlobalSection(ExtensibilityGlobals) = postSolution
		SolutionGuid = {C658589F-5958-4A6E-9D35-BCACBF8AFEF1}
	EndGlobalSection
EndGlobal
